
Microsoft Visual Studio Solution File, Format Version 12.00
# Visual Studio Version 17
VisualStudioVersion = 17.8.34316.72
MinimumVisualStudioVersion = 10.0.40219.1
Project("{8BC9CEB8-8B4A-11D0-8D11-00A0C91BC942}") = "PlantillasYExcepciones", "PlantillasYExcepciones.vcxproj", "{C381F573-B19B-497F-A4ED-EBD3B5D7A211}"
EndProject
Project("{8BC9CEB8-8B4A-11D0-8D11-00A0C91BC942}") = "repasoParcialPOO", "..\repasoParcialPOO\repasoParcialPOO.vcxproj", "{9F208011-6D3F-42A3-A9A8-4FDF3CFEA4D2}"
EndProject
Global
	GlobalSection(SolutionConfigurationPlatforms) = preSolution
		Debug|x64 = Debug|x64
		Debug|x86 = Debug|x86
		Release|x64 = Release|x64
		Release|x86 = Release|x86
	EndGlobalSection
	GlobalSection(ProjectConfigurationPlatforms) = postSolution
		{C381F573-B19B-497F-A4ED-EBD3B5D7A211}.Debug|x64.ActiveCfg = Debug|x64
		{C381F573-B19B-497F-A4ED-EBD3B5D7A211}.Debug|x64.Build.0 = Debug|x64
		{C381F573-B19B-497F-A4ED-EBD3B5D7A211}.Debug|x86.ActiveCfg = Debug|Win32
		{C381F573-B19B-497F-A4ED-EBD3B5D7A211}.Debug|x86.Build.0 = Debug|Win32
		{C381F573-B19B-497F-A4ED-EBD3B5D7A211}.Release|x64.ActiveCfg = Release|x64
		{C381F573-B19B-497F-A4ED-EBD3B5D7A211}.Release|x64.Build.0 = Release|x64
		{C381F573-B19B-497F-A4ED-EBD3B5D7A211}.Release|x86.ActiveCfg = Release|Win32
		{C381F573-B19B-497F-A4ED-EBD3B5D7A211}.Release|x86.Build.0 = Release|Win32
		{9F208011-6D3F-42A3-A9A8-4FDF3CFEA4D2}.Debug|x64.ActiveCfg = Debug|x64
		{9F208011-6D3F-42A3-A9A8-4FDF3CFEA4D2}.Debug|x64.Build.0 = Debug|x64
		{9F208011-6D3F-42A3-A9A8-4FDF3CFEA4D2}.Debug|x86.ActiveCfg = Debug|Win32
		{9F208011-6D3F-42A3-A9A8-4FDF3CFEA4D2}.Debug|x86.Build.0 = Debug|Win32
		{9F208011-6D3F-42A3-A9A8-4FDF3CFEA4D2}.Release|x64.ActiveCfg = Release|x64
		{9F208011-6D3F-42A3-A9A8-4FDF3CFEA4D2}.Release|x64.Build.0 = Release|x64
		{9F208011-6D3F-42A3-A9A8-4FDF3CFEA4D2}.Release|x86.ActiveCfg = Release|Win32
		{9F208011-6D3F-42A3-A9A8-4FDF3CFEA4D2}.Release|x86.Build.0 = Release|Win32
	EndGlobalSection
	GlobalSection(SolutionProperties) = preSolution
		HideSolutionNode = FALSE
	EndGlobalSection
	GlobalSection(ExtensibilityGlobals) = postSolution
		SolutionGuid = {04B0D5FC-DB0B-4340-BB65-0B93BC6606E3}
	EndGlobalSection
EndGlobal
